
Microsoft Visual Studio Solution File, Format Version 12.00
# Visual Studio Version 17
VisualStudioVersion = 17.0.31903.59
MinimumVisualStudioVersion = 10.0.40219.1
Project("{2150E333-8FDC-42A3-9474-1A3956D46DE8}") = "01-DependencyInjection", "01-DependencyInjection", "{DD96AA7F-4A3E-45DC-B57F-E9E4757D9FD6}"
EndProject
Project("{FAE04EC0-301F-11D3-BF4B-00C04F79EFBC}") = "BasicDI", "01-DependencyInjection\BasicDI\BasicDI\BasicDI.csproj", "{F9D38041-0F7F-41CF-83E4-30025699589E}"
EndProject
Project("{FAE04EC0-301F-11D3-BF4B-00C04F79EFBC}") = "DILifetimes", "01-DependencyInjection\DILifetimes\DILifetimes\DILifetimes.csproj", "{C720886F-AC7E-4FE6-BB9F-A29DF1DB34A6}"
EndProject
Project("{FAE04EC0-301F-11D3-BF4B-00C04F79EFBC}") = "AdvancedDI", "01-DependencyInjection\AdvancedDI\AdvancedDI\AdvancedDI.csproj", "{C318B3F0-9E3A-48EC-A054-2B7FFE5B6C02}"
EndProject
Project("{FAE04EC0-301F-11D3-BF4B-00C04F79EFBC}") = "AdvancedDI.Solution", "01-DependencyInjection\AdvancedDI\solution\AdvancedDI.Solution.csproj", "{E9EFF041-2A79-4443-B514-D00EFEF07678}"
EndProject
Project("{FAE04EC0-301F-11D3-BF4B-00C04F79EFBC}") = "AdvancedDI.Tests", "01-DependencyInjection\AdvancedDI\tests\AdvancedDI.Tests.csproj", "{9AA70923-1D6F-4A12-8A6C-BC22397B7754}"
EndProject
Project("{2150E333-8FDC-42A3-9474-1A3956D46DE8}") = "02-AsynchronousProcessing", "02-AsynchronousProcessing", "{8862B8C7-B344-48CE-8822-0937045D9CBA}"
EndProject
Project("{FAE04EC0-301F-11D3-BF4B-00C04F79EFBC}") = "AsyncAwait", "02-AsynchronousProcessing\AsyncAwait\AsyncAwait\AsyncAwait.csproj", "{CA4E4B13-3934-4F80-92A4-2374CA452CBF}"
EndProject
Project("{FAE04EC0-301F-11D3-BF4B-00C04F79EFBC}") = "AsyncAwait.Solution", "02-AsynchronousProcessing\AsyncAwait\solution\AsyncAwait.Solution.csproj", "{FD5A9095-39AA-4DC3-ACA1-029A75CF047C}"
EndProject
Project("{FAE04EC0-301F-11D3-BF4B-00C04F79EFBC}") = "AsyncAwait.Tests", "02-AsynchronousProcessing\AsyncAwait\tests\AsyncAwait.Tests.csproj", "{E973DFD6-F560-4570-8B5F-43D6BAD4CA13}"
EndProject
Project("{FAE04EC0-301F-11D3-BF4B-00C04F79EFBC}") = "TaskParallelLibrary", "02-AsynchronousProcessing\TaskParallelLibrary\TaskParallelLibrary\TaskParallelLibrary.csproj", "{50EEBCC1-8E40-4868-949B-8FBC3E9FE602}"
EndProject
Project("{FAE04EC0-301F-11D3-BF4B-00C04F79EFBC}") = "TaskParallelLibrary.Solution", "02-AsynchronousProcessing\TaskParallelLibrary\solution\TaskParallelLibrary.Solution.csproj", "{14F717A7-37A8-4D61-9F6E-FCFCE8D5D95F}"
EndProject
Project("{FAE04EC0-301F-11D3-BF4B-00C04F79EFBC}") = "TaskParallelLibrary.Tests", "02-AsynchronousProcessing\TaskParallelLibrary\tests\TaskParallelLibrary.Tests.csproj", "{969CB3CF-422F-48A1-A3CF-F21D2E7A026F}"
EndProject
Project("{FAE04EC0-301F-11D3-BF4B-00C04F79EFBC}") = "Channels", "02-AsynchronousProcessing\Channels\Channels\Channels.csproj", "{976DF654-67F6-4500-B5C9-295DE364DCA2}"
EndProject
Project("{FAE04EC0-301F-11D3-BF4B-00C04F79EFBC}") = "Channels.Solution", "02-AsynchronousProcessing\Channels\solution\Channels.Solution.csproj", "{EB1928C9-C2B0-49FC-A193-03CF9517ADCB}"
EndProject
Project("{FAE04EC0-301F-11D3-BF4B-00C04F79EFBC}") = "Channels.Tests", "02-AsynchronousProcessing\Channels\tests\Channels.Tests.csproj", "{B7AC492A-432F-4F33-BA48-DC568270944E}"
EndProject
Project("{2150E333-8FDC-42A3-9474-1A3956D46DE8}") = "03-CleanArchitecture", "03-CleanArchitecture", "{B58CA46B-8585-4F02-9260-9214B9562FAF}"
EndProject
Project("{FAE04EC0-301F-11D3-BF4B-00C04F79EFBC}") = "CleanArchitecture.Domain", "03-CleanArchitecture\CleanArchitectureDemo\src\CleanArchitecture.Domain\CleanArchitecture.Domain.csproj", "{A4D00F4C-52C4-4398-8518-41CF92A486C1}"
EndProject
Project("{FAE04EC0-301F-11D3-BF4B-00C04F79EFBC}") = "CleanArchitecture.Application", "03-CleanArchitecture\CleanArchitectureDemo\src\CleanArchitecture.Application\CleanArchitecture.Application.csproj", "{8C4FD9A2-AE98-4FA1-A93A-1B8BB10AB20F}"
EndProject
Project("{FAE04EC0-301F-11D3-BF4B-00C04F79EFBC}") = "CleanArchitecture.Infrastructure", "03-CleanArchitecture\CleanArchitectureDemo\src\CleanArchitecture.Infrastructure\CleanArchitecture.Infrastructure.csproj", "{03B407C4-5CCD-4557-B120-47E163A6488C}"
EndProject
Project("{FAE04EC0-301F-11D3-BF4B-00C04F79EFBC}") = "CleanArchitecture.WebApi", "03-CleanArchitecture\CleanArchitectureDemo\src\CleanArchitecture.WebApi\CleanArchitecture.WebApi.csproj", "{6EB56FD5-6926-4131-A74F-7A23E635B583}"
EndProject
Project("{FAE04EC0-301F-11D3-BF4B-00C04F79EFBC}") = "CleanArchitecture.Tests", "03-CleanArchitecture\CleanArchitectureDemo\tests\CleanArchitecture.Tests\CleanArchitecture.Tests.csproj", "{B3850D6A-FC1B-42D0-98A1-A62AE97F8FA1}"
EndProject
Project("{2150E333-8FDC-42A3-9474-1A3956D46DE8}") = "04-VerticalSliceArchitecture", "04-VerticalSliceArchitecture", "{49CF0510-AD31-45EF-9CEC-DE7BD2A5ABC8}"
EndProject
Project("{FAE04EC0-301F-11D3-BF4B-00C04F79EFBC}") = "VerticalSlice.Api", "04-VerticalSliceArchitecture\VerticalSliceDemo\src\VerticalSlice.Api\VerticalSlice.Api.csproj", "{3821031D-FCEF-4B16-9672-170C20CA056B}"
EndProject
Project("{FAE04EC0-301F-11D3-BF4B-00C04F79EFBC}") = "VerticalSlice.Tests", "04-VerticalSliceArchitecture\VerticalSliceDemo\tests\VerticalSlice.Tests\VerticalSlice.Tests.csproj", "{5608BFD5-A6F4-4B39-9F2D-10C04EBBBB45}"
EndProject
Global
	GlobalSection(SolutionConfigurationPlatforms) = preSolution
		Debug|Any CPU = Debug|Any CPU
		Release|Any CPU = Release|Any CPU
	EndGlobalSection
	GlobalSection(SolutionProperties) = preSolution
		HideSolutionNode = FALSE
	EndGlobalSection
	GlobalSection(ProjectConfigurationPlatforms) = postSolution
		{F9D38041-0F7F-41CF-83E4-30025699589E}.Debug|Any CPU.ActiveCfg = Debug|Any CPU
		{F9D38041-0F7F-41CF-83E4-30025699589E}.Debug|Any CPU.Build.0 = Debug|Any CPU
		{F9D38041-0F7F-41CF-83E4-30025699589E}.Release|Any CPU.ActiveCfg = Release|Any CPU
		{F9D38041-0F7F-41CF-83E4-30025699589E}.Release|Any CPU.Build.0 = Release|Any CPU
		{C720886F-AC7E-4FE6-BB9F-A29DF1DB34A6}.Debug|Any CPU.ActiveCfg = Debug|Any CPU
		{C720886F-AC7E-4FE6-BB9F-A29DF1DB34A6}.Debug|Any CPU.Build.0 = Debug|Any CPU
		{C720886F-AC7E-4FE6-BB9F-A29DF1DB34A6}.Release|Any CPU.ActiveCfg = Release|Any CPU
		{C720886F-AC7E-4FE6-BB9F-A29DF1DB34A6}.Release|Any CPU.Build.0 = Release|Any CPU
		{C318B3F0-9E3A-48EC-A054-2B7FFE5B6C02}.Debug|Any CPU.ActiveCfg = Debug|Any CPU
		{C318B3F0-9E3A-48EC-A054-2B7FFE5B6C02}.Debug|Any CPU.Build.0 = Debug|Any CPU
		{C318B3F0-9E3A-48EC-A054-2B7FFE5B6C02}.Release|Any CPU.ActiveCfg = Release|Any CPU
		{C318B3F0-9E3A-48EC-A054-2B7FFE5B6C02}.Release|Any CPU.Build.0 = Release|Any CPU
		{E9EFF041-2A79-4443-B514-D00EFEF07678}.Debug|Any CPU.ActiveCfg = Debug|Any CPU
		{E9EFF041-2A79-4443-B514-D00EFEF07678}.Debug|Any CPU.Build.0 = Debug|Any CPU
		{E9EFF041-2A79-4443-B514-D00EFEF07678}.Release|Any CPU.ActiveCfg = Release|Any CPU
		{E9EFF041-2A79-4443-B514-D00EFEF07678}.Release|Any CPU.Build.0 = Release|Any CPU
		{9AA70923-1D6F-4A12-8A6C-BC22397B7754}.Debug|Any CPU.ActiveCfg = Debug|Any CPU
		{9AA70923-1D6F-4A12-8A6C-BC22397B7754}.Debug|Any CPU.Build.0 = Debug|Any CPU
		{9AA70923-1D6F-4A12-8A6C-BC22397B7754}.Release|Any CPU.ActiveCfg = Release|Any CPU
		{9AA70923-1D6F-4A12-8A6C-BC22397B7754}.Release|Any CPU.Build.0 = Release|Any CPU
		{CA4E4B13-3934-4F80-92A4-2374CA452CBF}.Debug|Any CPU.ActiveCfg = Debug|Any CPU
		{CA4E4B13-3934-4F80-92A4-2374CA452CBF}.Debug|Any CPU.Build.0 = Debug|Any CPU
		{CA4E4B13-3934-4F80-92A4-2374CA452CBF}.Release|Any CPU.ActiveCfg = Release|Any CPU
		{CA4E4B13-3934-4F80-92A4-2374CA452CBF}.Release|Any CPU.Build.0 = Release|Any CPU
		{FD5A9095-39AA-4DC3-ACA1-029A75CF047C}.Debug|Any CPU.ActiveCfg = Debug|Any CPU
		{FD5A9095-39AA-4DC3-ACA1-029A75CF047C}.Debug|Any CPU.Build.0 = Debug|Any CPU
		{FD5A9095-39AA-4DC3-ACA1-029A75CF047C}.Release|Any CPU.ActiveCfg = Release|Any CPU
		{FD5A9095-39AA-4DC3-ACA1-029A75CF047C}.Release|Any CPU.Build.0 = Release|Any CPU
		{E973DFD6-F560-4570-8B5F-43D6BAD4CA13}.Debug|Any CPU.ActiveCfg = Debug|Any CPU
		{E973DFD6-F560-4570-8B5F-43D6BAD4CA13}.Debug|Any CPU.Build.0 = Debug|Any CPU
		{E973DFD6-F560-4570-8B5F-43D6BAD4CA13}.Release|Any CPU.ActiveCfg = Release|Any CPU
		{E973DFD6-F560-4570-8B5F-43D6BAD4CA13}.Release|Any CPU.Build.0 = Release|Any CPU
		{50EEBCC1-8E40-4868-949B-8FBC3E9FE602}.Debug|Any CPU.ActiveCfg = Debug|Any CPU
		{50EEBCC1-8E40-4868-949B-8FBC3E9FE602}.Debug|Any CPU.Build.0 = Debug|Any CPU
		{50EEBCC1-8E40-4868-949B-8FBC3E9FE602}.Release|Any CPU.ActiveCfg = Release|Any CPU
		{50EEBCC1-8E40-4868-949B-8FBC3E9FE602}.Release|Any CPU.Build.0 = Release|Any CPU
		{14F717A7-37A8-4D61-9F6E-FCFCE8D5D95F}.Debug|Any CPU.ActiveCfg = Debug|Any CPU
		{14F717A7-37A8-4D61-9F6E-FCFCE8D5D95F}.Debug|Any CPU.Build.0 = Debug|Any CPU
		{14F717A7-37A8-4D61-9F6E-FCFCE8D5D95F}.Release|Any CPU.ActiveCfg = Release|Any CPU
		{14F717A7-37A8-4D61-9F6E-FCFCE8D5D95F}.Release|Any CPU.Build.0 = Release|Any CPU
		{969CB3CF-422F-48A1-A3CF-F21D2E7A026F}.Debug|Any CPU.ActiveCfg = Debug|Any CPU
		{969CB3CF-422F-48A1-A3CF-F21D2E7A026F}.Debug|Any CPU.Build.0 = Debug|Any CPU
		{969CB3CF-422F-48A1-A3CF-F21D2E7A026F}.Release|Any CPU.ActiveCfg = Release|Any CPU
		{969CB3CF-422F-48A1-A3CF-F21D2E7A026F}.Release|Any CPU.Build.0 = Release|Any CPU
		{976DF654-67F6-4500-B5C9-295DE364DCA2}.Debug|Any CPU.ActiveCfg = Debug|Any CPU
		{976DF654-67F6-4500-B5C9-295DE364DCA2}.Debug|Any CPU.Build.0 = Debug|Any CPU
		{976DF654-67F6-4500-B5C9-295DE364DCA2}.Release|Any CPU.ActiveCfg = Release|Any CPU
		{976DF654-67F6-4500-B5C9-295DE364DCA2}.Release|Any CPU.Build.0 = Release|Any CPU
		{EB1928C9-C2B0-49FC-A193-03CF9517ADCB}.Debug|Any CPU.ActiveCfg = Debug|Any CPU
		{EB1928C9-C2B0-49FC-A193-03CF9517ADCB}.Debug|Any CPU.Build.0 = Debug|Any CPU
		{EB1928C9-C2B0-49FC-A193-03CF9517ADCB}.Release|Any CPU.ActiveCfg = Release|Any CPU
		{EB1928C9-C2B0-49FC-A193-03CF9517ADCB}.Release|Any CPU.Build.0 = Release|Any CPU
		{B7AC492A-432F-4F33-BA48-DC568270944E}.Debug|Any CPU.ActiveCfg = Debug|Any CPU
		{B7AC492A-432F-4F33-BA48-DC568270944E}.Debug|Any CPU.Build.0 = Debug|Any CPU
		{B7AC492A-432F-4F33-BA48-DC568270944E}.Release|Any CPU.ActiveCfg = Release|Any CPU
		{B7AC492A-432F-4F33-BA48-DC568270944E}.Release|Any CPU.Build.0 = Release|Any CPU
		{A4D00F4C-52C4-4398-8518-41CF92A486C1}.Debug|Any CPU.ActiveCfg = Debug|Any CPU
		{A4D00F4C-52C4-4398-8518-41CF92A486C1}.Debug|Any CPU.Build.0 = Debug|Any CPU
		{A4D00F4C-52C4-4398-8518-41CF92A486C1}.Release|Any CPU.ActiveCfg = Release|Any CPU
		{A4D00F4C-52C4-4398-8518-41CF92A486C1}.Release|Any CPU.Build.0 = Release|Any CPU
		{8C4FD9A2-AE98-4FA1-A93A-1B8BB10AB20F}.Debug|Any CPU.ActiveCfg = Debug|Any CPU
		{8C4FD9A2-AE98-4FA1-A93A-1B8BB10AB20F}.Debug|Any CPU.Build.0 = Debug|Any CPU
		{8C4FD9A2-AE98-4FA1-A93A-1B8BB10AB20F}.Release|Any CPU.ActiveCfg = Release|Any CPU
		{8C4FD9A2-AE98-4FA1-A93A-1B8BB10AB20F}.Release|Any CPU.Build.0 = Release|Any CPU
		{03B407C4-5CCD-4557-B120-47E163A6488C}.Debug|Any CPU.ActiveCfg = Debug|Any CPU
		{03B407C4-5CCD-4557-B120-47E163A6488C}.Debug|Any CPU.Build.0 = Debug|Any CPU
		{03B407C4-5CCD-4557-B120-47E163A6488C}.Release|Any CPU.ActiveCfg = Release|Any CPU
		{03B407C4-5CCD-4557-B120-47E163A6488C}.Release|Any CPU.Build.0 = Release|Any CPU
		{6EB56FD5-6926-4131-A74F-7A23E635B583}.Debug|Any CPU.ActiveCfg = Debug|Any CPU
		{6EB56FD5-6926-4131-A74F-7A23E635B583}.Debug|Any CPU.Build.0 = Debug|Any CPU
		{6EB56FD5-6926-4131-A74F-7A23E635B583}.Release|Any CPU.ActiveCfg = Release|Any CPU
		{6EB56FD5-6926-4131-A74F-7A23E635B583}.Release|Any CPU.Build.0 = Release|Any CPU
		{B3850D6A-FC1B-42D0-98A1-A62AE97F8FA1}.Debug|Any CPU.ActiveCfg = Debug|Any CPU
		{B3850D6A-FC1B-42D0-98A1-A62AE97F8FA1}.Debug|Any CPU.Build.0 = Debug|Any CPU
		{B3850D6A-FC1B-42D0-98A1-A62AE97F8FA1}.Release|Any CPU.ActiveCfg = Release|Any CPU
		{B3850D6A-FC1B-42D0-98A1-A62AE97F8FA1}.Release|Any CPU.Build.0 = Release|Any CPU
		{3821031D-FCEF-4B16-9672-170C20CA056B}.Debug|Any CPU.ActiveCfg = Debug|Any CPU
		{3821031D-FCEF-4B16-9672-170C20CA056B}.Debug|Any CPU.Build.0 = Debug|Any CPU
		{3821031D-FCEF-4B16-9672-170C20CA056B}.Release|Any CPU.ActiveCfg = Release|Any CPU
		{3821031D-FCEF-4B16-9672-170C20CA056B}.Release|Any CPU.Build.0 = Release|Any CPU
		{5608BFD5-A6F4-4B39-9F2D-10C04EBBBB45}.Debug|Any CPU.ActiveCfg = Debug|Any CPU
		{5608BFD5-A6F4-4B39-9F2D-10C04EBBBB45}.Debug|Any CPU.Build.0 = Debug|Any CPU
		{5608BFD5-A6F4-4B39-9F2D-10C04EBBBB45}.Release|Any CPU.ActiveCfg = Release|Any CPU
		{5608BFD5-A6F4-4B39-9F2D-10C04EBBBB45}.Release|Any CPU.Build.0 = Release|Any CPU
	EndGlobalSection
	GlobalSection(NestedProjects) = preSolution
		{F9D38041-0F7F-41CF-83E4-30025699589E} = {DD96AA7F-4A3E-45DC-B57F-E9E4757D9FD6}
		{C720886F-AC7E-4FE6-BB9F-A29DF1DB34A6} = {DD96AA7F-4A3E-45DC-B57F-E9E4757D9FD6}
		{C318B3F0-9E3A-48EC-A054-2B7FFE5B6C02} = {DD96AA7F-4A3E-45DC-B57F-E9E4757D9FD6}
		{E9EFF041-2A79-4443-B514-D00EFEF07678} = {DD96AA7F-4A3E-45DC-B57F-E9E4757D9FD6}
		{9AA70923-1D6F-4A12-8A6C-BC22397B7754} = {DD96AA7F-4A3E-45DC-B57F-E9E4757D9FD6}
		{CA4E4B13-3934-4F80-92A4-2374CA452CBF} = {8862B8C7-B344-48CE-8822-0937045D9CBA}
		{FD5A9095-39AA-4DC3-ACA1-029A75CF047C} = {8862B8C7-B344-48CE-8822-0937045D9CBA}
		{E973DFD6-F560-4570-8B5F-43D6BAD4CA13} = {8862B8C7-B344-48CE-8822-0937045D9CBA}
		{50EEBCC1-8E40-4868-949B-8FBC3E9FE602} = {8862B8C7-B344-48CE-8822-0937045D9CBA}
		{14F717A7-37A8-4D61-9F6E-FCFCE8D5D95F} = {8862B8C7-B344-48CE-8822-0937045D9CBA}
		{969CB3CF-422F-48A1-A3CF-F21D2E7A026F} = {8862B8C7-B344-48CE-8822-0937045D9CBA}
		{976DF654-67F6-4500-B5C9-295DE364DCA2} = {8862B8C7-B344-48CE-8822-0937045D9CBA}
		{EB1928C9-C2B0-49FC-A193-03CF9517ADCB} = {8862B8C7-B344-48CE-8822-0937045D9CBA}
		{B7AC492A-432F-4F33-BA48-DC568270944E} = {8862B8C7-B344-48CE-8822-0937045D9CBA}
		{A4D00F4C-52C4-4398-8518-41CF92A486C1} = {B58CA46B-8585-4F02-9260-9214B9562FAF}
		{8C4FD9A2-AE98-4FA1-A93A-1B8BB10AB20F} = {B58CA46B-8585-4F02-9260-9214B9562FAF}
		{03B407C4-5CCD-4557-B120-47E163A6488C} = {B58CA46B-8585-4F02-9260-9214B9562FAF}
		{6EB56FD5-6926-4131-A74F-7A23E635B583} = {B58CA46B-8585-4F02-9260-9214B9562FAF}
		{B3850D6A-FC1B-42D0-98A1-A62AE97F8FA1} = {B58CA46B-8585-4F02-9260-9214B9562FAF}
		{3821031D-FCEF-4B16-9672-170C20CA056B} = {49CF0510-AD31-45EF-9CEC-DE7BD2A5ABC8}
		{5608BFD5-A6F4-4B39-9F2D-10C04EBBBB45} = {49CF0510-AD31-45EF-9CEC-DE7BD2A5ABC8}
	EndGlobalSection
EndGlobal
